
Microsoft Visual Studio Solution File, Format Version 11.00
# Visual C# Express 2010
Project("{FAE04EC0-301F-11D3-BF4B-00C04F79EFBC}") = "Decorator", "Decorator\Decorator.csproj", "{C142B36F-3438-4572-93C9-7F4CF6A24A33}"
EndProject
Global
	GlobalSection(SolutionConfigurationPlatforms) = preSolution
		Debug|Any CPU = Debug|Any CPU
		Release|Any CPU = Release|Any CPU
	EndGlobalSection
	GlobalSection(ProjectConfigurationPlatforms) = postSolution
		{C142B36F-3438-4572-93C9-7F4CF6A24A33}.Debug|Any CPU.ActiveCfg = Debug|Any CPU
		{C142B36F-3438-4572-93C9-7F4CF6A24A33}.Debug|Any CPU.Build.0 = Debug|Any CPU
		{C142B36F-3438-4572-93C9-7F4CF6A24A33}.Release|Any CPU.ActiveCfg = Release|Any CPU
		{C142B36F-3438-4572-93C9-7F4CF6A24A33}.Release|Any CPU.Build.0 = Release|Any CPU
	EndGlobalSection
	GlobalSection(SolutionProperties) = preSolution
		HideSolutionNode = FALSE
	EndGlobalSection
EndGlobal
